
Microsoft Visual Studio Solution File, Format Version 12.00
# Visual Studio Version 17
VisualStudioVersion = 17.7.34031.279
MinimumVisualStudioVersion = 10.0.40219.1
Project("{FAE04EC0-301F-11D3-BF4B-00C04F79EFBC}") = "Breeding station", "Breeding station\Breeding station.csproj", "{448F8F9C-07ED-43F1-B759-5FD254AE779D}"
EndProject
Global
	GlobalSection(SolutionConfigurationPlatforms) = preSolution
		Debug|Any CPU = Debug|Any CPU
		Release|Any CPU = Release|Any CPU
	EndGlobalSection
	GlobalSection(ProjectConfigurationPlatforms) = postSolution
		{448F8F9C-07ED-43F1-B759-5FD254AE779D}.Debug|Any CPU.ActiveCfg = Debug|Any CPU
		{448F8F9C-07ED-43F1-B759-5FD254AE779D}.Debug|Any CPU.Build.0 = Debug|Any CPU
		{448F8F9C-07ED-43F1-B759-5FD254AE779D}.Release|Any CPU.ActiveCfg = Release|Any CPU
		{448F8F9C-07ED-43F1-B759-5FD254AE779D}.Release|Any CPU.Build.0 = Release|Any CPU
	EndGlobalSection
	GlobalSection(SolutionProperties) = preSolution
		HideSolutionNode = FALSE
	EndGlobalSection
	GlobalSection(ExtensibilityGlobals) = postSolution
		SolutionGuid = {794C51D1-83B5-4C05-A12C-29E53FBA3068}
	EndGlobalSection
EndGlobal
